<?xml version="1.0" encoding="utf-8"?>
<Project ToolsVersion="4.0" xmlns="http://schemas.microsoft.com/developer/msbuild/2003">
  <ItemGroup>
    <Filter Include="Source Files">
      <UniqueIdentifier>{4FC737F1-C7A5-4376-A066-2A32D752A2FF}</UniqueIdentifier>
      <Extensions>cpp;c;cc;cxx;c++;cppm;ixx;def;odl;idl;hpj;bat;asm;asmx</Extensions>
    </Filter>
    <Filter Include="Header Files">
      <UniqueIdentifier>{93995380-89BD-4b04-88EB-625FBE52EBFB}</UniqueIdentifier>
      <Extensions>h;hh;hpp;hxx;h++;hm;inl;inc;ipp;xsd</Extensions>
    </Filter>
    <Filter Include="Resource Files">
      <UniqueIdentifier>{67DA6AB6-F800-4c08-8B7A-83BB121AAD01}</UniqueIdentifier>
      <Extensions>rc;ico;cur;bmp;dlg;rc2;rct;bin;rgs;gif;jpg;jpeg;jpe;resx;tiff;tif;png;wav;mfcribbon-ms</Extensions>
    </Filter>
    <Filter Include="Header Files\Enums">
      <UniqueIdentifier>{8c081cc1-d5fb-44ed-b01c-6597b56b5a6d}</UniqueIdentifier>
    </Filter>
    <Filter Include="Header Files\Constants">
      <UniqueIdentifier>{e4ad168a-b61a-4e01-ab39-03461080f3bf}</UniqueIdentifier>
    </Filter>
    <Filter Include="Header Files\Delivery">
      <UniqueIdentifier>{4e125c28-7eb7-4f91-9668-26ce2e866a88}</UniqueIdentifier>
    </Filter>
    <Filter Include="Source Files\Delivery">
      <UniqueIdentifier>{e6b6f967-9e17-48f1-b524-06622aa87915}</UniqueIdentifier>
    </Filter>
    <Filter Include="Header Files\Converters">
      <UniqueIdentifier>{1e26d0cc-98f3-4f07-9d3d-895e74a0d5bc}</UniqueIdentifier>
    </Filter>
    <Filter Include="Source Files\Converters">
      <UniqueIdentifier>{0d5e6f81-6d3d-4c7e-94e3-0ab0446aacea}</UniqueIdentifier>
    </Filter>
    <Filter Include="Header Files\Validators">
      <UniqueIdentifier>{84269530-1851-4b7a-ab50-8ee99bae4c90}</UniqueIdentifier>
    </Filter>
    <Filter Include="Source Files\Validators">
      <UniqueIdentifier>{6486c15f-b590-4a59-b6ed-2e8f325966b0}</UniqueIdentifier>
    </Filter>
  </ItemGroup>
  <ItemGroup>
    <ClCompile Include="main.cpp">
      <Filter>Source Files</Filter>
    </ClCompile>
    <ClCompile Include="Delivery.cpp">
      <Filter>Source Files\Delivery</Filter>
    </ClCompile>
    <ClCompile Include="ExpressDelivery.cpp">
      <Filter>Source Files\Delivery</Filter>
    </ClCompile>
    <ClCompile Include="StandardDelivery.cpp">
      <Filter>Source Files\Delivery</Filter>
    </ClCompile>
    <ClCompile Include="DeliveryCreator.cpp">
      <Filter>Source Files\Delivery</Filter>
    </ClCompile>
    <ClCompile Include="StandardDeliveryCreator.cpp">
      <Filter>Source Files\Delivery</Filter>
    </ClCompile>
    <ClCompile Include="ExpressDeliveryCreator.cpp">
      <Filter>Source Files\Delivery</Filter>
    </ClCompile>
    <ClCompile Include="DeliveryDispatcher.cpp">
      <Filter>Source Files\Delivery</Filter>
    </ClCompile>
    <ClCompile Include="DeliveryValidator.cpp">
      <Filter>Source Files\Validators</Filter>
    </ClCompile>
    <ClCompile Include="DeliveryPrinter.cpp">
      <Filter>Source Files</Filter>
    </ClCompile>
    <ClCompile Include="DeliveryTypeConverter.cpp">
      <Filter>Source Files</Filter>
    </ClCompile>
    <ClCompile Include="StatusConverter.cpp">
      <Filter>Source Files</Filter>
    </ClCompile>
  </ItemGroup>
  <ItemGroup>
    <ClInclude Include="DeliveryType.h">
      <Filter>Header Files\Enums</Filter>
    </ClInclude>
    <ClInclude Include="Status.h">
      <Filter>Header Files\Enums</Filter>
    </ClInclude>
    <ClInclude Include="DeliveryConstants.h">
      <Filter>Header Files\Constants</Filter>
    </ClInclude>
    <ClInclude Include="Delivery.h">
      <Filter>Header Files\Delivery</Filter>
    </ClInclude>
    <ClInclude Include="ExpressDelivery.h">
      <Filter>Header Files\Delivery</Filter>
    </ClInclude>
    <ClInclude Include="StandardDelivery.h">
      <Filter>Header Files\Delivery</Filter>
    </ClInclude>
    <ClInclude Include="DeliveryCreator.h">
      <Filter>Header Files\Delivery</Filter>
    </ClInclude>
    <ClInclude Include="StandardDeliveryCreator.h">
      <Filter>Header Files\Delivery</Filter>
    </ClInclude>
    <ClInclude Include="ExpressDeliveryCreator.h">
      <Filter>Header Files\Delivery</Filter>
    </ClInclude>
    <ClInclude Include="DeliveryDispatcher.h">
      <Filter>Header Files\Delivery</Filter>
    </ClInclude>
    <ClInclude Include="DeliveryValidator.h">
      <Filter>Header Files\Validators</Filter>
    </ClInclude>
    <ClInclude Include="DeliveryPrinter.h">
      <Filter>Header Files</Filter>
    </ClInclude>
    <ClInclude Include="DeliveryTypeConverter.h">
      <Filter>Header Files\Converters</Filter>
    </ClInclude>
    <ClInclude Include="StatusConverter.h">
      <Filter>Header Files</Filter>
    </ClInclude>
  </ItemGroup>
  <ItemGroup>
    <None Include="MiniDeliveryManagementSystem.aps" />
  </ItemGroup>
</Project>